
Microsoft Visual Studio Solution File, Format Version 12.00
# Visual Studio 15
VisualStudioVersion = 15.0.28307.489
MinimumVisualStudioVersion = 10.0.40219.1
Project("{FAE04EC0-301F-11D3-BF4B-00C04F79EFBC}") = "WpfAppRss", "WpfAppRss\WpfAppRss.csproj", "{6AFB2106-C4A4-413D-B405-E26221926C73}"
EndProject
Project("{FAE04EC0-301F-11D3-BF4B-00C04F79EFBC}") = "DataBase", "DataBase\DataBase.csproj", "{7A6A84E2-7326-466C-86C7-B3BA31F6458F}"
EndProject
Project("{FAE04EC0-301F-11D3-BF4B-00C04F79EFBC}") = "Parsers", "Parsers\Parsers.csproj", "{56EBC336-83B0-451D-8C03-F169B9185069}"
EndProject
Global
	GlobalSection(SolutionConfigurationPlatforms) = preSolution
		Debug|Any CPU = Debug|Any CPU
		Release|Any CPU = Release|Any CPU
	EndGlobalSection
	GlobalSection(ProjectConfigurationPlatforms) = postSolution
		{6AFB2106-C4A4-413D-B405-E26221926C73}.Debug|Any CPU.ActiveCfg = Debug|Any CPU
		{6AFB2106-C4A4-413D-B405-E26221926C73}.Debug|Any CPU.Build.0 = Debug|Any CPU
		{6AFB2106-C4A4-413D-B405-E26221926C73}.Release|Any CPU.ActiveCfg = Release|Any CPU
		{6AFB2106-C4A4-413D-B405-E26221926C73}.Release|Any CPU.Build.0 = Release|Any CPU
		{7A6A84E2-7326-466C-86C7-B3BA31F6458F}.Debug|Any CPU.ActiveCfg = Debug|Any CPU
		{7A6A84E2-7326-466C-86C7-B3BA31F6458F}.Debug|Any CPU.Build.0 = Debug|Any CPU
		{7A6A84E2-7326-466C-86C7-B3BA31F6458F}.Release|Any CPU.ActiveCfg = Release|Any CPU
		{7A6A84E2-7326-466C-86C7-B3BA31F6458F}.Release|Any CPU.Build.0 = Release|Any CPU
		{56EBC336-83B0-451D-8C03-F169B9185069}.Debug|Any CPU.ActiveCfg = Debug|Any CPU
		{56EBC336-83B0-451D-8C03-F169B9185069}.Debug|Any CPU.Build.0 = Debug|Any CPU
		{56EBC336-83B0-451D-8C03-F169B9185069}.Release|Any CPU.ActiveCfg = Release|Any CPU
		{56EBC336-83B0-451D-8C03-F169B9185069}.Release|Any CPU.Build.0 = Release|Any CPU
	EndGlobalSection
	GlobalSection(SolutionProperties) = preSolution
		HideSolutionNode = FALSE
	EndGlobalSection
	GlobalSection(ExtensibilityGlobals) = postSolution
		SolutionGuid = {31E34FEA-A384-4E87-BE76-07EBCC678DD9}
	EndGlobalSection
EndGlobal
